// !$*UTF8*$!
{
	archiveVersion = 1;
	classes = {
	};
	objectVersion = 46;
	objects = {

/* Begin PBXBuildFile section */
		347E3A1F197DA3BA00458B7B /* Foundation.framework in Frameworks */ = {isa = PBXBuildFile; fileRef = 347E3A1E197DA3BA00458B7B /* Foundation.framework */; };
		347E3A21197DA3BA00458B7B /* CoreGraphics.framework in Frameworks */ = {isa = PBXBuildFile; fileRef = 347E3A20197DA3BA00458B7B /* CoreGraphics.framework */; };
		347E3A23197DA3BA00458B7B /* UIKit.framework in Frameworks */ = {isa = PBXBuildFile; fileRef = 347E3A22197DA3BA00458B7B /* UIKit.framework */; };
		347E3A29197DA3BA00458B7B /* InfoPlist.strings in Resources */ = {isa = PBXBuildFile; fileRef = 347E3A27197DA3BA00458B7B /* InfoPlist.strings */; };
		347E3A2B197DA3BA00458B7B /* main.m in Sources */ = {isa = PBXBuildFile; fileRef = 347E3A2A197DA3BA00458B7B /* main.m */; };
		347E3A2F197DA3BA00458B7B /* THAppDelegate.m in Sources */ = {isa = PBXBuildFile; fileRef = 347E3A2E197DA3BA00458B7B /* THAppDelegate.m */; };
		347E3A32197DA3BA00458B7B /* Main.storyboard in Resources */ = {isa = PBXBuildFile; fileRef = 347E3A30197DA3BA00458B7B /* Main.storyboard */; };
		347E3A35197DA3BA00458B7B /* THViewController.m in Sources */ = {isa = PBXBuildFile; fileRef = 347E3A34197DA3BA00458B7B /* THViewController.m */; };
		347E3A37197DA3BA00458B7B /* Images.xcassets in Resources */ = {isa = PBXBuildFile; fileRef = 347E3A36197DA3BA00458B7B /* Images.xcassets */; };
		347E3A3E197DA3BA00458B7B /* XCTest.framework in Frameworks */ = {isa = PBXBuildFile; fileRef = 347E3A3D197DA3BA00458B7B /* XCTest.framework */; };
		347E3A3F197DA3BA00458B7B /* Foundation.framework in Frameworks */ = {isa = PBXBuildFile; fileRef = 347E3A1E197DA3BA00458B7B /* Foundation.framework */; };
		347E3A40197DA3BA00458B7B /* UIKit.framework in Frameworks */ = {isa = PBXBuildFile; fileRef = 347E3A22197DA3BA00458B7B /* UIKit.framework */; };
		347E3A48197DA3BA00458B7B /* InfoPlist.strings in Resources */ = {isa = PBXBuildFile; fileRef = 347E3A46197DA3BA00458B7B /* InfoPlist.strings */; };
		347E3A4A197DA3BA00458B7B /* UITableViewController_Challenge_SolutionTests.m in Sources */ = {isa = PBXBuildFile; fileRef = 347E3A49197DA3BA00458B7B /* UITableViewController_Challenge_SolutionTests.m */; };
/* End PBXBuildFile section */

/* Begin PBXContainerItemProxy section */
		347E3A41197DA3BA00458B7B /* PBXContainerItemProxy */ = {
			isa = PBXContainerItemProxy;
			containerPortal = 347E3A13197DA3BA00458B7B /* Project object */;
			proxyType = 1;
			remoteGlobalIDString = 347E3A1A197DA3BA00458B7B;
			remoteInfo = "UITableViewController Challenge Solution";
		};
/* End PBXContainerItemProxy section */

/* Begin PBXFileReference section */
		347E3A1B197DA3BA00458B7B /* UITableViewController Challenge Solution.app */ = {isa = PBXFileReference; explicitFileType = wrapper.application; includeInIndex = 0; path = "UITableViewController Challenge Solution.app"; sourceTree = BUILT_PRODUCTS_DIR; };
		347E3A1E197DA3BA00458B7B /* Foundation.framework */ = {isa = PBXFileReference; lastKnownFileType = wrapper.framework; name = Foundation.framework; path = System/Library/Frameworks/Foundation.framework; sourceTree = SDKROOT; };
		347E3A20197DA3BA00458B7B /* CoreGraphics.framework */ = {isa = PBXFileReference; lastKnownFileType = wrapper.framework; name = CoreGraphics.framework; path = System/Library/Frameworks/CoreGraphics.framework; sourceTree = SDKROOT; };
		347E3A22197DA3BA00458B7B /* UIKit.framework */ = {isa = PBXFileReference; lastKnownFileType = wrapper.framework; name = UIKit.framework; path = System/Library/Frameworks/UIKit.framework; sourceTree = SDKROOT; };
		347E3A26197DA3BA00458B7B /* UITableViewController Challenge Solution-Info.plist */ = {isa = PBXFileReference; lastKnownFileType = text.plist.xml; path = "UITableViewController Challenge Solution-Info.plist"; sourceTree = "<group>"; };
		347E3A28197DA3BA00458B7B /* en */ = {isa = PBXFileReference; lastKnownFileType = text.plist.strings; name = en; path = en.lproj/InfoPlist.strings; sourceTree = "<group>"; };
		347E3A2A197DA3BA00458B7B /* main.m */ = {isa = PBXFileReference; lastKnownFileType = sourcecode.c.objc; path = main.m; sourceTree = "<group>"; };
		347E3A2C197DA3BA00458B7B /* UITableViewController Challenge Solution-Prefix.pch */ = {isa = PBXFileReference; lastKnownFileType = sourcecode.c.h; path = "UITableViewController Challenge Solution-Prefix.pch"; sourceTree = "<group>"; };
		347E3A2D197DA3BA00458B7B /* THAppDelegate.h */ = {isa = PBXFileReference; lastKnownFileType = sourcecode.c.h; path = THAppDelegate.h; sourceTree = "<group>"; };
		347E3A2E197DA3BA00458B7B /* THAppDelegate.m */ = {isa = PBXFileReference; lastKnownFileType = sourcecode.c.objc; path = THAppDelegate.m; sourceTree = "<group>"; };
		347E3A31197DA3BA00458B7B /* Base */ = {isa = PBXFileReference; lastKnownFileType = file.storyboard; name = Base; path = Base.lproj/Main.storyboard; sourceTree = "<group>"; };
		347E3A33197DA3BA00458B7B /* THViewController.h */ = {isa = PBXFileReference; lastKnownFileType = sourcecode.c.h; path = THViewController.h; sourceTree = "<group>"; };
		347E3A34197DA3BA00458B7B /* THViewController.m */ = {isa = PBXFileReference; lastKnownFileType = sourcecode.c.objc; path = THViewController.m; sourceTree = "<group>"; };
		347E3A36197DA3BA00458B7B /* Images.xcassets */ = {isa = PBXFileReference; lastKnownFileType = folder.assetcatalog; path = Images.xcassets; sourceTree = "<group>"; };
		347E3A3C197DA3BA00458B7B /* UITableViewController Challenge SolutionTests.xctest */ = {isa = PBXFileReference; explicitFileType = wrapper.cfbundle; includeInIndex = 0; path = "UITableViewController Challenge SolutionTests.xctest"; sourceTree = BUILT_PRODUCTS_DIR; };
		347E3A3D197DA3BA00458B7B /* XCTest.framework */ = {isa = PBXFileReference; lastKnownFileType = wrapper.framework; name = XCTest.framework; path = Library/Frameworks/XCTest.framework; sourceTree = DEVELOPER_DIR; };
		347E3A45197DA3BA00458B7B /* UITableViewController Challenge SolutionTests-Info.plist */ = {isa = PBXFileReference; lastKnownFileType = text.plist.xml; path = "UITableViewController Challenge SolutionTests-Info.plist"; sourceTree = "<group>"; };
		347E3A47197DA3BA00458B7B /* en */ = {isa = PBXFileReference; lastKnownFileType = text.plist.strings; name = en; path = en.lproj/InfoPlist.strings; sourceTree = "<group>"; };
		347E3A49197DA3BA00458B7B /* UITableViewController_Challenge_SolutionTests.m */ = {isa = PBXFileReference; lastKnownFileType = sourcecode.c.objc; path = UITableViewController_Challenge_SolutionTests.m; sourceTree = "<group>"; };
/* End PBXFileReference section */

/* Begin PBXFrameworksBuildPhase section */
		347E3A18197DA3BA00458B7B /* Frameworks */ = {
			isa = PBXFrameworksBuildPhase;
			buildActionMask = 2147483647;
			files = (
				347E3A21197DA3BA00458B7B /* CoreGraphics.framework in Frameworks */,
				347E3A23197DA3BA00458B7B /* UIKit.framework in Frameworks */,
				347E3A1F197DA3BA00458B7B /* Foundation.framework in Frameworks */,
			);
			runOnlyForDeploymentPostprocessing = 0;
		};
		347E3A39197DA3BA00458B7B /* Frameworks */ = {
			isa = PBXFrameworksBuildPhase;
			buildActionMask = 2147483647;
			files = (
				347E3A3E197DA3BA00458B7B /* XCTest.framework in Frameworks */,
				347E3A40197DA3BA00458B7B /* UIKit.framework in Frameworks */,
				347E3A3F197DA3BA00458B7B /* Foundation.framework in Frameworks */,
			);
			runOnlyForDeploymentPostprocessing = 0;
		};
/* End PBXFrameworksBuildPhase section */

/* Begin PBXGroup section */
		347E3A12197DA3BA00458B7B = {
			isa = PBXGroup;
			children = (
				347E3A24197DA3BA00458B7B /* UITableViewController Challenge Solution */,
				347E3A43197DA3BA00458B7B /* UITableViewController Challenge SolutionTests */,
				347E3A1D197DA3BA00458B7B /* Frameworks */,
				347E3A1C197DA3BA00458B7B /* Products */,
			);
			sourceTree = "<group>";
		};
		347E3A1C197DA3BA00458B7B /* Products */ = {
			isa = PBXGroup;
			children = (
				347E3A1B197DA3BA00458B7B /* UITableViewController Challenge Solution.app */,
				347E3A3C197DA3BA00458B7B /* UITableViewController Challenge SolutionTests.xctest */,
			);
			name = Products;
			sourceTree = "<group>";
		};
		347E3A1D197DA3BA00458B7B /* Frameworks */ = {
			isa = PBXGroup;
			children = (
				347E3A1E197DA3BA00458B7B /* Foundation.framework */,
				347E3A20197DA3BA00458B7B /* CoreGraphics.framework */,
				347E3A22197DA3BA00458B7B /* UIKit.framework */,
				347E3A3D197DA3BA00458B7B /* XCTest.framework */,
			);
			name = Frameworks;
			sourceTree = "<group>";
		};
		347E3A24197DA3BA00458B7B /* UITableViewController Challenge Solution */ = {
			isa = PBXGroup;
			children = (
				347E3A2D197DA3BA00458B7B /* THAppDelegate.h */,
				347E3A2E197DA3BA00458B7B /* THAppDelegate.m */,
				347E3A30197DA3BA00458B7B /* Main.storyboard */,
				347E3A33197DA3BA00458B7B /* THViewController.h */,
				347E3A34197DA3BA00458B7B /* THViewController.m */,
				347E3A36197DA3BA00458B7B /* Images.xcassets */,
				347E3A25197DA3BA00458B7B /* Supporting Files */,
			);
			path = "UITableViewController Challenge Solution";
			sourceTree = "<group>";
		};
		347E3A25197DA3BA00458B7B /* Supporting Files */ = {
			isa = PBXGroup;
			children = (
				347E3A26197DA3BA00458B7B /* UITableViewController Challenge Solution-Info.plist */,
				347E3A27197DA3BA00458B7B /* InfoPlist.strings */,
				347E3A2A197DA3BA00458B7B /* main.m */,
				347E3A2C197DA3BA00458B7B /* UITableViewController Challenge Solution-Prefix.pch */,
			);
			name = "Supporting Files";
			sourceTree = "<group>";
		};
		347E3A43197DA3BA00458B7B /* UITableViewController Challenge SolutionTests */ = {
			isa = PBXGroup;
			children = (
				347E3A49197DA3BA00458B7B /* UITableViewController_Challenge_SolutionTests.m */,
				347E3A44197DA3BA00458B7B /* Supporting Files */,
			);
			path = "UITableViewController Challenge SolutionTests";
			sourceTree = "<group>";
		};
		347E3A44197DA3BA00458B7B /* Supporting Files */ = {
			isa = PBXGroup;
			children = (
				347E3A45197DA3BA00458B7B /* UITableViewController Challenge SolutionTests-Info.plist */,
				347E3A46197DA3BA00458B7B /* InfoPlist.strings */,
			);
			name = "Supporting Files";
			sourceTree = "<group>";
		};
/* End PBXGroup section */

/* Begin PBXNativeTarget section */
		347E3A1A197DA3BA00458B7B /* UITableViewController Challenge Solution */ = {
			isa = PBXNativeTarget;
			buildConfigurationList = 347E3A4D197DA3BA00458B7B /* Build configuration list for PBXNativeTarget "UITableViewController Challenge Solution" */;
			buildPhases = (
				347E3A17197DA3BA00458B7B /* Sources */,
				347E3A18197DA3BA00458B7B /* Frameworks */,
				347E3A19197DA3BA00458B7B /* Resources */,
			);
			buildRules = (
			);
			dependencies = (
			);
			name = "UITableViewController Challenge Solution";
			productName = "UITableViewController Challenge Solution";
			productReference = 347E3A1B197DA3BA00458B7B /* UITableViewController Challenge Solution.app */;
			productType = "com.apple.product-type.application";
		};
		347E3A3B197DA3BA00458B7B /* UITableViewController Challenge SolutionTests */ = {
			isa = PBXNativeTarget;
			buildConfigurationList = 347E3A50197DA3BA00458B7B /* Build configuration list for PBXNativeTarget "UITableViewController Challenge SolutionTests" */;
			buildPhases = (
				347E3A38197DA3BA00458B7B /* Sources */,
				347E3A39197DA3BA00458B7B /* Frameworks */,
				347E3A3A197DA3BA00458B7B /* Resources */,
			);
			buildRules = (
			);
			dependencies = (
				347E3A42197DA3BA00458B7B /* PBXTargetDependency */,
			);
			name = "UITableViewController Challenge SolutionTests";
			productName = "UITableViewController Challenge SolutionTests";
			productReference = 347E3A3C197DA3BA00458B7B /* UITableViewController Challenge SolutionTests.xctest */;
			productType = "com.apple.product-type.bundle.unit-test";
		};
/* End PBXNativeTarget section */

/* Begin PBXProject section */
		347E3A13197DA3BA00458B7B /* Project object */ = {
			isa = PBXProject;
			attributes = {
				CLASSPREFIX = TH;
				LastUpgradeCheck = 0510;
				ORGANIZATIONNAME = "Taylor Hale";
				TargetAttributes = {
					347E3A3B197DA3BA00458B7B = {
						TestTargetID = 347E3A1A197DA3BA00458B7B;
					};
				};
			};
			buildConfigurationList = 347E3A16197DA3BA00458B7B /* Build configuration list for PBXProject "UITableViewController Challenge Solution" */;
			compatibilityVersion = "Xcode 3.2";
			developmentRegion = English;
			hasScannedForEncodings = 0;
			knownRegions = (
				en,
				Base,
			);
			mainGroup = 347E3A12197DA3BA00458B7B;
			productRefGroup = 347E3A1C197DA3BA00458B7B /* Products */;
			projectDirPath = "";
			projectRoot = "";
			targets = (
				347E3A1A197DA3BA00458B7B /* UITableViewController Challenge Solution */,
				347E3A3B197DA3BA00458B7B /* UITableViewController Challenge SolutionTests */,
			);
		};
/* End PBXProject section */

/* Begin PBXResourcesBuildPhase section */
		347E3A19197DA3BA00458B7B /* Resources */ = {
			isa = PBXResourcesBuildPhase;
			buildActionMask = 2147483647;
			files = (
				347E3A37197DA3BA00458B7B /* Images.xcassets in Resources */,
				347E3A29197DA3BA00458B7B /* InfoPlist.strings in Resources */,
				347E3A32197DA3BA00458B7B /* Main.storyboard in Resources */,
			);
			runOnlyForDeploymentPostprocessing = 0;
		};
		347E3A3A197DA3BA00458B7B /* Resources */ = {
			isa = PBXResourcesBuildPhase;
			buildActionMask = 2147483647;
			files = (
				347E3A48197DA3BA00458B7B /* InfoPlist.strings in Resources */,
			);
			runOnlyForDeploymentPostprocessing = 0;
		};
/* End PBXResourcesBuildPhase section */

/* Begin PBXSourcesBuildPhase section */
		347E3A17197DA3BA00458B7B /* Sources */ = {
			isa = PBXSourcesBuildPhase;
			buildActionMask = 2147483647;
			files = (
				347E3A35197DA3BA00458B7B /* THViewController.m in Sources */,
				347E3A2F197DA3BA00458B7B /* THAppDelegate.m in Sources */,
				347E3A2B197DA3BA00458B7B /* main.m in Sources */,
			);
			runOnlyForDeploymentPostprocessing = 0;
		};
		347E3A38197DA3BA00458B7B /* Sources */ = {
			isa = PBXSourcesBuildPhase;
			buildActionMask = 2147483647;
			files = (
				347E3A4A197DA3BA00458B7B /* UITableViewController_Challenge_SolutionTests.m in Sources */,
			);
			runOnlyForDeploymentPostprocessing = 0;
		};
/* End PBXSourcesBuildPhase section */

/* Begin PBXTargetDependency section */
		347E3A42197DA3BA00458B7B /* PBXTargetDependency */ = {
			isa = PBXTargetDependency;
			target = 347E3A1A197DA3BA00458B7B /* UITableViewController Challenge Solution */;
			targetProxy = 347E3A41197DA3BA00458B7B /* PBXContainerItemProxy */;
		};
/* End PBXTargetDependency section */

/* Begin PBXVariantGroup section */
		347E3A27197DA3BA00458B7B /* InfoPlist.strings */ = {
			isa = PBXVariantGroup;
			children = (
				347E3A28197DA3BA00458B7B /* en */,
			);
			name = InfoPlist.strings;
			sourceTree = "<group>";
		};
		347E3A30197DA3BA00458B7B /* Main.storyboard */ = {
			isa = PBXVariantGroup;
			children = (
				347E3A31197DA3BA00458B7B /* Base */,
			);
			name = Main.storyboard;
			sourceTree = "<group>";
		};
		347E3A46197DA3BA00458B7B /* InfoPlist.strings */ = {
			isa = PBXVariantGroup;
			children = (
				347E3A47197DA3BA00458B7B /* en */,
			);
			name = InfoPlist.strings;
			sourceTree = "<group>";
		};
/* End PBXVariantGroup section */

/* Begin XCBuildConfiguration section */
		347E3A4B197DA3BA00458B7B /* Debug */ = {
			isa = XCBuildConfiguration;
			buildSettings = {
				ALWAYS_SEARCH_USER_PATHS = NO;
				CLANG_CXX_LANGUAGE_STANDARD = "gnu++0x";
				CLANG_CXX_LIBRARY = "libc++";
				CLANG_ENABLE_MODULES = YES;
				CLANG_ENABLE_OBJC_ARC = YES;
				CLANG_WARN_BOOL_CONVERSION = YES;
				CLANG_WARN_CONSTANT_CONVERSION = YES;
				CLANG_WARN_DIRECT_OBJC_ISA_USAGE = YES_ERROR;
				CLANG_WARN_EMPTY_BODY = YES;
				CLANG_WARN_ENUM_CONVERSION = YES;
				CLANG_WARN_INT_CONVERSION = YES;
				CLANG_WARN_OBJC_ROOT_CLASS = YES_ERROR;
				CLANG_WARN__DUPLICATE_METHOD_MATCH = YES;
				"CODE_SIGN_IDENTITY[sdk=iphoneos*]" = "iPhone Developer";
				COPY_PHASE_STRIP = NO;
				GCC_C_LANGUAGE_STANDARD = gnu99;
				GCC_DYNAMIC_NO_PIC = NO;
				GCC_OPTIMIZATION_LEVEL = 0;
				GCC_PREPROCESSOR_DEFINITIONS = (
					"DEBUG=1",
					"$(inherited)",
				);
				GCC_SYMBOLS_PRIVATE_EXTERN = NO;
				GCC_WARN_64_TO_32_BIT_CONVERSION = YES;
				GCC_WARN_ABOUT_RETURN_TYPE = YES_ERROR;
				GCC_WARN_UNDECLARED_SELECTOR = YES;
				GCC_WARN_UNINITIALIZED_AUTOS = YES_AGGRESSIVE;
				GCC_WARN_UNUSED_FUNCTION = YES;
				GCC_WARN_UNUSED_VARIABLE = YES;
				IPHONEOS_DEPLOYMENT_TARGET = 7.1;
				ONLY_ACTIVE_ARCH = YES;
				SDKROOT = iphoneos;
			};
			name = Debug;
		};
		347E3A4C197DA3BA00458B7B /* Release */ = {
			isa = XCBuildConfiguration;
			buildSettings = {
				ALWAYS_SEARCH_USER_PATHS = NO;
				CLANG_CXX_LANGUAGE_STANDARD = "gnu++0x";
				CLANG_CXX_LIBRARY = "libc++";
				CLANG_ENABLE_MODULES = YES;
				CLANG_ENABLE_OBJC_ARC = YES;
				CLANG_WARN_BOOL_CONVERSION = YES;
				CLANG_WARN_CONSTANT_CONVERSION = YES;
				CLANG_WARN_DIRECT_OBJC_ISA_USAGE = YES_ERROR;
				CLANG_WARN_EMPTY_BODY = YES;
				CLANG_WARN_ENUM_CONVERSION = YES;
				CLANG_WARN_INT_CONVERSION = YES;
				CLANG_WARN_OBJC_ROOT_CLASS = YES_ERROR;
				CLANG_WARN__DUPLICATE_METHOD_MATCH = YES;
				"CODE_SIGN_IDENTITY[sdk=iphoneos*]" = "iPhone Developer";
				COPY_PHASE_STRIP = YES;
				ENABLE_NS_ASSERTIONS = NO;
				GCC_C_LANGUAGE_STANDARD = gnu99;
				GCC_WARN_64_TO_32_BIT_CONVERSION = YES;
				GCC_WARN_ABOUT_RETURN_TYPE = YES_ERROR;
				GCC_WARN_UNDECLARED_SELECTOR = YES;
				GCC_WARN_UNINITIALIZED_AUTOS = YES_AGGRESSIVE;
				GCC_WARN_UNUSED_FUNCTION = YES;
				GCC_WARN_UNUSED_VARIABLE = YES;
				IPHONEOS_DEPLOYMENT_TARGET = 7.1;
				SDKROOT = iphoneos;
				VALIDATE_PRODUCT = YES;
			};
			name = Release;
		};
		347E3A4E197DA3BA00458B7B /* Debug */ = {
			isa = XCBuildConfiguration;
			buildSettings = {
				ASSETCATALOG_COMPILER_APPICON_NAME = AppIcon;
				ASSETCATALOG_COMPILER_LAUNCHIMAGE_NAME = LaunchImage;
				GCC_PRECOMPILE_PREFIX_HEADER = YES;
				GCC_PREFIX_HEADER = "UITableViewController Challenge Solution/UITableViewController Challenge Solution-Prefix.pch";
				INFOPLIST_FILE = "UITableViewController Challenge Solution/UITableViewController Challenge Solution-Info.plist";
				PRODUCT_NAME = "$(TARGET_NAME)";
				WRAPPER_EXTENSION = app;
			};
			name = Debug;
		};
		347E3A4F197DA3BA00458B7B /* Release */ = {
			isa = XCBuildConfiguration;
			buildSettings = {
				ASSETCATALOG_COMPILER_APPICON_NAME = AppIcon;
				ASSETCATALOG_COMPILER_LAUNCHIMAGE_NAME = LaunchImage;
				GCC_PRECOMPILE_PREFIX_HEADER = YES;
				GCC_PREFIX_HEADER = "UITableViewController Challenge Solution/UITableViewController Challenge Solution-Prefix.pch";
				INFOPLIST_FILE = "UITableViewController Challenge Solution/UITableViewController Challenge Solution-Info.plist";
				PRODUCT_NAME = "$(TARGET_NAME)";
				WRAPPER_EXTENSION = app;
			};
			name = Release;
		};
		347E3A51197DA3BA00458B7B /* Debug */ = {
			isa = XCBuildConfiguration;
			buildSettings = {
				BUNDLE_LOADER = "$(BUILT_PRODUCTS_DIR)/UITableViewController Challenge Solution.app/UITableViewController Challenge Solution";
				FRAMEWORK_SEARCH_PATHS = (
					"$(SDKROOT)/Developer/Library/Frameworks",
					"$(inherited)",
					"$(DEVELOPER_FRAMEWORKS_DIR)",
				);
				GCC_PRECOMPILE_PREFIX_HEADER = YES;
				GCC_PREFIX_HEADER = "UITableViewController Challenge Solution/UITableViewController Challenge Solution-Prefix.pch";
				GCC_PREPROCESSOR_DEFINITIONS = (
					"DEBUG=1",
					"$(inherited)",
				);
				INFOPLIST_FILE = "UITableViewController Challenge SolutionTests/UITableViewController Challenge SolutionTests-Info.plist";
				PRODUCT_NAME = "$(TARGET_NAME)";
				TEST_HOST = "$(BUNDLE_LOADER)";
				WRAPPER_EXTENSION = xctest;
			};
			name = Debug;
		};
		347E3A52197DA3BA00458B7B /* Release */ = {
			isa = XCBuildConfiguration;
			buildSettings = {
				BUNDLE_LOADER = "$(BUILT_PRODUCTS_DIR)/UITableViewController Challenge Solution.app/UITableViewController Challenge Solution";
				FRAMEWORK_SEARCH_PATHS = (
					"$(SDKROOT)/Developer/Library/Frameworks",
					"$(inherited)",
					"$(DEVELOPER_FRAMEWORKS_DIR)",
				);
				GCC_PRECOMPILE_PREFIX_HEADER = YES;
				GCC_PREFIX_HEADER = "UITableViewController Challenge Solution/UITableViewController Challenge Solution-Prefix.pch";
				INFOPLIST_FILE = "UITableViewController Challenge SolutionTests/UITableViewController Challenge SolutionTests-Info.plist";
				PRODUCT_NAME = "$(TARGET_NAME)";
				TEST_HOST = "$(BUNDLE_LOADER)";
				WRAPPER_EXTENSION = xctest;
			};
			name = Release;
		};
/* End XCBuildConfiguration section */

/* Begin XCConfigurationList section */
		347E3A16197DA3BA00458B7B /* Build configuration list for PBXProject "UITableViewController Challenge Solution" */ = {
			isa = XCConfigurationList;
			buildConfigurations = (
				347E3A4B197DA3BA00458B7B /* Debug */,
				347E3A4C197DA3BA00458B7B /* Release */,
			);
			defaultConfigurationIsVisible = 0;
			defaultConfigurationName = Release;
		};
		347E3A4D197DA3BA00458B7B /* Build configuration list for PBXNativeTarget "UITableViewController Challenge Solution" */ = {
			isa = XCConfigurationList;
			buildConfigurations = (
				347E3A4E197DA3BA00458B7B /* Debug */,
				347E3A4F197DA3BA00458B7B /* Release */,
			);
			defaultConfigurationIsVisible = 0;
		};
		347E3A50197DA3BA00458B7B /* Build configuration list for PBXNativeTarget "UITableViewController Challenge SolutionTests" */ = {
			isa = XCConfigurationList;
			buildConfigurations = (
				347E3A51197DA3BA00458B7B /* Debug */,
				347E3A52197DA3BA00458B7B /* Release */,
			);
			defaultConfigurationIsVisible = 0;
		};
/* End XCConfigurationList section */
	};
	rootObject = 347E3A13197DA3BA00458B7B /* Project object */;
}
